// !$*UTF8*$!
{
	archiveVersion = 1;
	classes = {
	};
	objectVersion = 50;
	objects = {

/* Begin PBXBuildFile section */
		99C6B77725EDEC260028D619 /* AppDelegate.swift in Sources */ = {isa = PBXBuildFile; fileRef = 99C6B77625EDEC260028D619 /* AppDelegate.swift */; };
		99C6B77925EDEC260028D619 /* SceneDelegate.swift in Sources */ = {isa = PBXBuildFile; fileRef = 99C6B77825EDEC260028D619 /* SceneDelegate.swift */; };
		99C6B77B25EDEC260028D619 /* ViewController.swift in Sources */ = {isa = PBXBuildFile; fileRef = 99C6B77A25EDEC260028D619 /* ViewController.swift */; };
		99C6B77E25EDEC260028D619 /* Main.storyboard in Resources */ = {isa = PBXBuildFile; fileRef = 99C6B77C25EDEC260028D619 /* Main.storyboard */; };
		99C6B78025EDEC270028D619 /* Assets.xcassets in Resources */ = {isa = PBXBuildFile; fileRef = 99C6B77F25EDEC270028D619 /* Assets.xcassets */; };
		99C6B78325EDEC270028D619 /* LaunchScreen.storyboard in Resources */ = {isa = PBXBuildFile; fileRef = 99C6B78125EDEC270028D619 /* LaunchScreen.storyboard */; };
		99C6B78E25EDEC270028D619 /* WorldTrotterTests.swift in Sources */ = {isa = PBXBuildFile; fileRef = 99C6B78D25EDEC270028D619 /* WorldTrotterTests.swift */; };
		99C6B79925EDEC270028D619 /* WorldTrotterUITests.swift in Sources */ = {isa = PBXBuildFile; fileRef = 99C6B79825EDEC270028D619 /* WorldTrotterUITests.swift */; };
/* End PBXBuildFile section */

/* Begin PBXContainerItemProxy section */
		99C6B78A25EDEC270028D619 /* PBXContainerItemProxy */ = {
			isa = PBXContainerItemProxy;
			containerPortal = 99C6B76B25EDEC260028D619 /* Project object */;
			proxyType = 1;
			remoteGlobalIDString = 99C6B77225EDEC260028D619;
			remoteInfo = WorldTrotter;
		};
		99C6B79525EDEC270028D619 /* PBXContainerItemProxy */ = {
			isa = PBXContainerItemProxy;
			containerPortal = 99C6B76B25EDEC260028D619 /* Project object */;
			proxyType = 1;
			remoteGlobalIDString = 99C6B77225EDEC260028D619;
			remoteInfo = WorldTrotter;
		};
/* End PBXContainerItemProxy section */

/* Begin PBXFileReference section */
		99C6B77325EDEC260028D619 /* WorldTrotter.app */ = {isa = PBXFileReference; explicitFileType = wrapper.application; includeInIndex = 0; path = WorldTrotter.app; sourceTree = BUILT_PRODUCTS_DIR; };
		99C6B77625EDEC260028D619 /* AppDelegate.swift */ = {isa = PBXFileReference; lastKnownFileType = sourcecode.swift; path = AppDelegate.swift; sourceTree = "<group>"; };
		99C6B77825EDEC260028D619 /* SceneDelegate.swift */ = {isa = PBXFileReference; lastKnownFileType = sourcecode.swift; path = SceneDelegate.swift; sourceTree = "<group>"; };
		99C6B77A25EDEC260028D619 /* ViewController.swift */ = {isa = PBXFileReference; lastKnownFileType = sourcecode.swift; path = ViewController.swift; sourceTree = "<group>"; };
		99C6B77D25EDEC260028D619 /* Base */ = {isa = PBXFileReference; lastKnownFileType = file.storyboard; name = Base; path = Base.lproj/Main.storyboard; sourceTree = "<group>"; };
		99C6B77F25EDEC270028D619 /* Assets.xcassets */ = {isa = PBXFileReference; lastKnownFileType = folder.assetcatalog; path = Assets.xcassets; sourceTree = "<group>"; };
		99C6B78225EDEC270028D619 /* Base */ = {isa = PBXFileReference; lastKnownFileType = file.storyboard; name = Base; path = Base.lproj/LaunchScreen.storyboard; sourceTree = "<group>"; };
		99C6B78425EDEC270028D619 /* Info.plist */ = {isa = PBXFileReference; lastKnownFileType = text.plist.xml; path = Info.plist; sourceTree = "<group>"; };
		99C6B78925EDEC270028D619 /* WorldTrotterTests.xctest */ = {isa = PBXFileReference; explicitFileType = wrapper.cfbundle; includeInIndex = 0; path = WorldTrotterTests.xctest; sourceTree = BUILT_PRODUCTS_DIR; };
		99C6B78D25EDEC270028D619 /* WorldTrotterTests.swift */ = {isa = PBXFileReference; lastKnownFileType = sourcecode.swift; path = WorldTrotterTests.swift; sourceTree = "<group>"; };
		99C6B78F25EDEC270028D619 /* Info.plist */ = {isa = PBXFileReference; lastKnownFileType = text.plist.xml; path = Info.plist; sourceTree = "<group>"; };
		99C6B79425EDEC270028D619 /* WorldTrotterUITests.xctest */ = {isa = PBXFileReference; explicitFileType = wrapper.cfbundle; includeInIndex = 0; path = WorldTrotterUITests.xctest; sourceTree = BUILT_PRODUCTS_DIR; };
		99C6B79825EDEC270028D619 /* WorldTrotterUITests.swift */ = {isa = PBXFileReference; lastKnownFileType = sourcecode.swift; path = WorldTrotterUITests.swift; sourceTree = "<group>"; };
		99C6B79A25EDEC270028D619 /* Info.plist */ = {isa = PBXFileReference; lastKnownFileType = text.plist.xml; path = Info.plist; sourceTree = "<group>"; };
/* End PBXFileReference section */

/* Begin PBXFrameworksBuildPhase section */
		99C6B77025EDEC260028D619 /* Frameworks */ = {
			isa = PBXFrameworksBuildPhase;
			buildActionMask = 2147483647;
			files = (
			);
			runOnlyForDeploymentPostprocessing = 0;
		};
		99C6B78625EDEC270028D619 /* Frameworks */ = {
			isa = PBXFrameworksBuildPhase;
			buildActionMask = 2147483647;
			files = (
			);
			runOnlyForDeploymentPostprocessing = 0;
		};
		99C6B79125EDEC270028D619 /* Frameworks */ = {
			isa = PBXFrameworksBuildPhase;
			buildActionMask = 2147483647;
			files = (
			);
			runOnlyForDeploymentPostprocessing = 0;
		};
/* End PBXFrameworksBuildPhase section */

/* Begin PBXGroup section */
		99C6B76A25EDEC260028D619 = {
			isa = PBXGroup;
			children = (
				99C6B77525EDEC260028D619 /* WorldTrotter */,
				99C6B78C25EDEC270028D619 /* WorldTrotterTests */,
				99C6B79725EDEC270028D619 /* WorldTrotterUITests */,
				99C6B77425EDEC260028D619 /* Products */,
			);
			sourceTree = "<group>";
		};
		99C6B77425EDEC260028D619 /* Products */ = {
			isa = PBXGroup;
			children = (
				99C6B77325EDEC260028D619 /* WorldTrotter.app */,
				99C6B78925EDEC270028D619 /* WorldTrotterTests.xctest */,
				99C6B79425EDEC270028D619 /* WorldTrotterUITests.xctest */,
			);
			name = Products;
			sourceTree = "<group>";
		};
		99C6B77525EDEC260028D619 /* WorldTrotter */ = {
			isa = PBXGroup;
			children = (
				99C6B77625EDEC260028D619 /* AppDelegate.swift */,
				99C6B77825EDEC260028D619 /* SceneDelegate.swift */,
				99C6B77A25EDEC260028D619 /* ViewController.swift */,
				99C6B77C25EDEC260028D619 /* Main.storyboard */,
				99C6B77F25EDEC270028D619 /* Assets.xcassets */,
				99C6B78125EDEC270028D619 /* LaunchScreen.storyboard */,
				99C6B78425EDEC270028D619 /* Info.plist */,
			);
			path = WorldTrotter;
			sourceTree = "<group>";
		};
		99C6B78C25EDEC270028D619 /* WorldTrotterTests */ = {
			isa = PBXGroup;
			children = (
				99C6B78D25EDEC270028D619 /* WorldTrotterTests.swift */,
				99C6B78F25EDEC270028D619 /* Info.plist */,
			);
			path = WorldTrotterTests;
			sourceTree = "<group>";
		};
		99C6B79725EDEC270028D619 /* WorldTrotterUITests */ = {
			isa = PBXGroup;
			children = (
				99C6B79825EDEC270028D619 /* WorldTrotterUITests.swift */,
				99C6B79A25EDEC270028D619 /* Info.plist */,
			);
			path = WorldTrotterUITests;
			sourceTree = "<group>";
		};
/* End PBXGroup section */

/* Begin PBXNativeTarget section */
		99C6B77225EDEC260028D619 /* WorldTrotter */ = {
			isa = PBXNativeTarget;
			buildConfigurationList = 99C6B79D25EDEC270028D619 /* Build configuration list for PBXNativeTarget "WorldTrotter" */;
			buildPhases = (
				99C6B76F25EDEC260028D619 /* Sources */,
				99C6B77025EDEC260028D619 /* Frameworks */,
				99C6B77125EDEC260028D619 /* Resources */,
			);
			buildRules = (
			);
			dependencies = (
			);
			name = WorldTrotter;
			productName = WorldTrotter;
			productReference = 99C6B77325EDEC260028D619 /* WorldTrotter.app */;
			productType = "com.apple.product-type.application";
		};
		99C6B78825EDEC270028D619 /* WorldTrotterTests */ = {
			isa = PBXNativeTarget;
			buildConfigurationList = 99C6B7A025EDEC270028D619 /* Build configuration list for PBXNativeTarget "WorldTrotterTests" */;
			buildPhases = (
				99C6B78525EDEC270028D619 /* Sources */,
				99C6B78625EDEC270028D619 /* Frameworks */,
				99C6B78725EDEC270028D619 /* Resources */,
			);
			buildRules = (
			);
			dependencies = (
				99C6B78B25EDEC270028D619 /* PBXTargetDependency */,
			);
			name = WorldTrotterTests;
			productName = WorldTrotterTests;
			productReference = 99C6B78925EDEC270028D619 /* WorldTrotterTests.xctest */;
			productType = "com.apple.product-type.bundle.unit-test";
		};
		99C6B79325EDEC270028D619 /* WorldTrotterUITests */ = {
			isa = PBXNativeTarget;
			buildConfigurationList = 99C6B7A325EDEC270028D619 /* Build configuration list for PBXNativeTarget "WorldTrotterUITests" */;
			buildPhases = (
				99C6B79025EDEC270028D619 /* Sources */,
				99C6B79125EDEC270028D619 /* Frameworks */,
				99C6B79225EDEC270028D619 /* Resources */,
			);
			buildRules = (
			);
			dependencies = (
				99C6B79625EDEC270028D619 /* PBXTargetDependency */,
			);
			name = WorldTrotterUITests;
			productName = WorldTrotterUITests;
			productReference = 99C6B79425EDEC270028D619 /* WorldTrotterUITests.xctest */;
			productType = "com.apple.product-type.bundle.ui-testing";
		};
/* End PBXNativeTarget section */

/* Begin PBXProject section */
		99C6B76B25EDEC260028D619 /* Project object */ = {
			isa = PBXProject;
			attributes = {
				LastSwiftUpdateCheck = 1240;
				LastUpgradeCheck = 1240;
				TargetAttributes = {
					99C6B77225EDEC260028D619 = {
						CreatedOnToolsVersion = 12.4;
					};
					99C6B78825EDEC270028D619 = {
						CreatedOnToolsVersion = 12.4;
						TestTargetID = 99C6B77225EDEC260028D619;
					};
					99C6B79325EDEC270028D619 = {
						CreatedOnToolsVersion = 12.4;
						TestTargetID = 99C6B77225EDEC260028D619;
					};
				};
			};
			buildConfigurationList = 99C6B76E25EDEC260028D619 /* Build configuration list for PBXProject "WorldTrotter" */;
			compatibilityVersion = "Xcode 9.3";
			developmentRegion = en;
			hasScannedForEncodings = 0;
			knownRegions = (
				en,
				Base,
			);
			mainGroup = 99C6B76A25EDEC260028D619;
			productRefGroup = 99C6B77425EDEC260028D619 /* Products */;
			projectDirPath = "";
			projectRoot = "";
			targets = (
				99C6B77225EDEC260028D619 /* WorldTrotter */,
				99C6B78825EDEC270028D619 /* WorldTrotterTests */,
				99C6B79325EDEC270028D619 /* WorldTrotterUITests */,
			);
		};
/* End PBXProject section */

/* Begin PBXResourcesBuildPhase section */
		99C6B77125EDEC260028D619 /* Resources */ = {
			isa = PBXResourcesBuildPhase;
			buildActionMask = 2147483647;
			files = (
				99C6B78325EDEC270028D619 /* LaunchScreen.storyboard in Resources */,
				99C6B78025EDEC270028D619 /* Assets.xcassets in Resources */,
				99C6B77E25EDEC260028D619 /* Main.storyboard in Resources */,
			);
			runOnlyForDeploymentPostprocessing = 0;
		};
		99C6B78725EDEC270028D619 /* Resources */ = {
			isa = PBXResourcesBuildPhase;
			buildActionMask = 2147483647;
			files = (
			);
			runOnlyForDeploymentPostprocessing = 0;
		};
		99C6B79225EDEC270028D619 /* Resources */ = {
			isa = PBXResourcesBuildPhase;
			buildActionMask = 2147483647;
			files = (
			);
			runOnlyForDeploymentPostprocessing = 0;
		};
/* End PBXResourcesBuildPhase section */

/* Begin PBXSourcesBuildPhase section */
		99C6B76F25EDEC260028D619 /* Sources */ = {
			isa = PBXSourcesBuildPhase;
			buildActionMask = 2147483647;
			files = (
				99C6B77B25EDEC260028D619 /* ViewController.swift in Sources */,
				99C6B77725EDEC260028D619 /* AppDelegate.swift in Sources */,
				99C6B77925EDEC260028D619 /* SceneDelegate.swift in Sources */,
			);
			runOnlyForDeploymentPostprocessing = 0;
		};
		99C6B78525EDEC270028D619 /* Sources */ = {
			isa = PBXSourcesBuildPhase;
			buildActionMask = 2147483647;
			files = (
				99C6B78E25EDEC270028D619 /* WorldTrotterTests.swift in Sources */,
			);
			runOnlyForDeploymentPostprocessing = 0;
		};
		99C6B79025EDEC270028D619 /* Sources */ = {
			isa = PBXSourcesBuildPhase;
			buildActionMask = 2147483647;
			files = (
				99C6B79925EDEC270028D619 /* WorldTrotterUITests.swift in Sources */,
			);
			runOnlyForDeploymentPostprocessing = 0;
		};
/* End PBXSourcesBuildPhase section */

/* Begin PBXTargetDependency section */
		99C6B78B25EDEC270028D619 /* PBXTargetDependency */ = {
			isa = PBXTargetDependency;
			target = 99C6B77225EDEC260028D619 /* WorldTrotter */;
			targetProxy = 99C6B78A25EDEC270028D619 /* PBXContainerItemProxy */;
		};
		99C6B79625EDEC270028D619 /* PBXTargetDependency */ = {
			isa = PBXTargetDependency;
			target = 99C6B77225EDEC260028D619 /* WorldTrotter */;
			targetProxy = 99C6B79525EDEC270028D619 /* PBXContainerItemProxy */;
		};
/* End PBXTargetDependency section */

/* Begin PBXVariantGroup section */
		99C6B77C25EDEC260028D619 /* Main.storyboard */ = {
			isa = PBXVariantGroup;
			children = (
				99C6B77D25EDEC260028D619 /* Base */,
			);
			name = Main.storyboard;
			sourceTree = "<group>";
		};
		99C6B78125EDEC270028D619 /* LaunchScreen.storyboard */ = {
			isa = PBXVariantGroup;
			children = (
				99C6B78225EDEC270028D619 /* Base */,
			);
			name = LaunchScreen.storyboard;
			sourceTree = "<group>";
		};
/* End PBXVariantGroup section */

/* Begin XCBuildConfiguration section */
		99C6B79B25EDEC270028D619 /* Debug */ = {
			isa = XCBuildConfiguration;
			buildSettings = {
				ALWAYS_SEARCH_USER_PATHS = NO;
				CLANG_ANALYZER_NONNULL = YES;
				CLANG_ANALYZER_NUMBER_OBJECT_CONVERSION = YES_AGGRESSIVE;
				CLANG_CXX_LANGUAGE_STANDARD = "gnu++14";
				CLANG_CXX_LIBRARY = "libc++";
				CLANG_ENABLE_MODULES = YES;
				CLANG_ENABLE_OBJC_ARC = YES;
				CLANG_ENABLE_OBJC_WEAK = YES;
				CLANG_WARN_BLOCK_CAPTURE_AUTORELEASING = YES;
				CLANG_WARN_BOOL_CONVERSION = YES;
				CLANG_WARN_COMMA = YES;
				CLANG_WARN_CONSTANT_CONVERSION = YES;
				CLANG_WARN_DEPRECATED_OBJC_IMPLEMENTATIONS = YES;
				CLANG_WARN_DIRECT_OBJC_ISA_USAGE = YES_ERROR;
				CLANG_WARN_DOCUMENTATION_COMMENTS = YES;
				CLANG_WARN_EMPTY_BODY = YES;
				CLANG_WARN_ENUM_CONVERSION = YES;
				CLANG_WARN_INFINITE_RECURSION = YES;
				CLANG_WARN_INT_CONVERSION = YES;
				CLANG_WARN_NON_LITERAL_NULL_CONVERSION = YES;
				CLANG_WARN_OBJC_IMPLICIT_RETAIN_SELF = YES;
				CLANG_WARN_OBJC_LITERAL_CONVERSION = YES;
				CLANG_WARN_OBJC_ROOT_CLASS = YES_ERROR;
				CLANG_WARN_QUOTED_INCLUDE_IN_FRAMEWORK_HEADER = YES;
				CLANG_WARN_RANGE_LOOP_ANALYSIS = YES;
				CLANG_WARN_STRICT_PROTOTYPES = YES;
				CLANG_WARN_SUSPICIOUS_MOVE = YES;
				CLANG_WARN_UNGUARDED_AVAILABILITY = YES_AGGRESSIVE;
				CLANG_WARN_UNREACHABLE_CODE = YES;
				CLANG_WARN__DUPLICATE_METHOD_MATCH = YES;
				COPY_PHASE_STRIP = NO;
				DEBUG_INFORMATION_FORMAT = dwarf;
				ENABLE_STRICT_OBJC_MSGSEND = YES;
				ENABLE_TESTABILITY = YES;
				GCC_C_LANGUAGE_STANDARD = gnu11;
				GCC_DYNAMIC_NO_PIC = NO;
				GCC_NO_COMMON_BLOCKS = YES;
				GCC_OPTIMIZATION_LEVEL = 0;
				GCC_PREPROCESSOR_DEFINITIONS = (
					"DEBUG=1",
					"$(inherited)",
				);
				GCC_WARN_64_TO_32_BIT_CONVERSION = YES;
				GCC_WARN_ABOUT_RETURN_TYPE = YES_ERROR;
				GCC_WARN_UNDECLARED_SELECTOR = YES;
				GCC_WARN_UNINITIALIZED_AUTOS = YES_AGGRESSIVE;
				GCC_WARN_UNUSED_FUNCTION = YES;
				GCC_WARN_UNUSED_VARIABLE = YES;
				IPHONEOS_DEPLOYMENT_TARGET = 14.4;
				MTL_ENABLE_DEBUG_INFO = INCLUDE_SOURCE;
				MTL_FAST_MATH = YES;
				ONLY_ACTIVE_ARCH = YES;
				SDKROOT = iphoneos;
				SWIFT_ACTIVE_COMPILATION_CONDITIONS = DEBUG;
				SWIFT_OPTIMIZATION_LEVEL = "-Onone";
			};
			name = Debug;
		};
		99C6B79C25EDEC270028D619 /* Release */ = {
			isa = XCBuildConfiguration;
			buildSettings = {
				ALWAYS_SEARCH_USER_PATHS = NO;
				CLANG_ANALYZER_NONNULL = YES;
				CLANG_ANALYZER_NUMBER_OBJECT_CONVERSION = YES_AGGRESSIVE;
				CLANG_CXX_LANGUAGE_STANDARD = "gnu++14";
				CLANG_CXX_LIBRARY = "libc++";
				CLANG_ENABLE_MODULES = YES;
				CLANG_ENABLE_OBJC_ARC = YES;
				CLANG_ENABLE_OBJC_WEAK = YES;
				CLANG_WARN_BLOCK_CAPTURE_AUTORELEASING = YES;
				CLANG_WARN_BOOL_CONVERSION = YES;
				CLANG_WARN_COMMA = YES;
				CLANG_WARN_CONSTANT_CONVERSION = YES;
				CLANG_WARN_DEPRECATED_OBJC_IMPLEMENTATIONS = YES;
				CLANG_WARN_DIRECT_OBJC_ISA_USAGE = YES_ERROR;
				CLANG_WARN_DOCUMENTATION_COMMENTS = YES;
				CLANG_WARN_EMPTY_BODY = YES;
				CLANG_WARN_ENUM_CONVERSION = YES;
				CLANG_WARN_INFINITE_RECURSION = YES;
				CLANG_WARN_INT_CONVERSION = YES;
				CLANG_WARN_NON_LITERAL_NULL_CONVERSION = YES;
				CLANG_WARN_OBJC_IMPLICIT_RETAIN_SELF = YES;
				CLANG_WARN_OBJC_LITERAL_CONVERSION = YES;
				CLANG_WARN_OBJC_ROOT_CLASS = YES_ERROR;
				CLANG_WARN_QUOTED_INCLUDE_IN_FRAMEWORK_HEADER = YES;
				CLANG_WARN_RANGE_LOOP_ANALYSIS = YES;
				CLANG_WARN_STRICT_PROTOTYPES = YES;
				CLANG_WARN_SUSPICIOUS_MOVE = YES;
				CLANG_WARN_UNGUARDED_AVAILABILITY = YES_AGGRESSIVE;
				CLANG_WARN_UNREACHABLE_CODE = YES;
				CLANG_WARN__DUPLICATE_METHOD_MATCH = YES;
				COPY_PHASE_STRIP = NO;
				DEBUG_INFORMATION_FORMAT = "dwarf-with-dsym";
				ENABLE_NS_ASSERTIONS = NO;
				ENABLE_STRICT_OBJC_MSGSEND = YES;
				GCC_C_LANGUAGE_STANDARD = gnu11;
				GCC_NO_COMMON_BLOCKS = YES;
				GCC_WARN_64_TO_32_BIT_CONVERSION = YES;
				GCC_WARN_ABOUT_RETURN_TYPE = YES_ERROR;
				GCC_WARN_UNDECLARED_SELECTOR = YES;
				GCC_WARN_UNINITIALIZED_AUTOS = YES_AGGRESSIVE;
				GCC_WARN_UNUSED_FUNCTION = YES;
				GCC_WARN_UNUSED_VARIABLE = YES;
				IPHONEOS_DEPLOYMENT_TARGET = 14.4;
				MTL_ENABLE_DEBUG_INFO = NO;
				MTL_FAST_MATH = YES;
				SDKROOT = iphoneos;
				SWIFT_COMPILATION_MODE = wholemodule;
				SWIFT_OPTIMIZATION_LEVEL = "-O";
				VALIDATE_PRODUCT = YES;
			};
			name = Release;
		};
		99C6B79E25EDEC270028D619 /* Debug */ = {
			isa = XCBuildConfiguration;
			buildSettings = {
				ASSETCATALOG_COMPILER_APPICON_NAME = AppIcon;
				ASSETCATALOG_COMPILER_GLOBAL_ACCENT_COLOR_NAME = AccentColor;
				CODE_SIGN_STYLE = Automatic;
				DEVELOPMENT_TEAM = 976MA5HWXW;
				INFOPLIST_FILE = WorldTrotter/Info.plist;
				LD_RUNPATH_SEARCH_PATHS = (
					"$(inherited)",
					"@executable_path/Frameworks",
				);
				PRODUCT_BUNDLE_IDENTIFIER = com.eathom91.WorldTrotter;
				PRODUCT_NAME = "$(TARGET_NAME)";
				SWIFT_VERSION = 5.0;
				TARGETED_DEVICE_FAMILY = "1,2";
			};
			name = Debug;
		};
		99C6B79F25EDEC270028D619 /* Release */ = {
			isa = XCBuildConfiguration;
			buildSettings = {
				ASSETCATALOG_COMPILER_APPICON_NAME = AppIcon;
				ASSETCATALOG_COMPILER_GLOBAL_ACCENT_COLOR_NAME = AccentColor;
				CODE_SIGN_STYLE = Automatic;
				DEVELOPMENT_TEAM = 976MA5HWXW;
				INFOPLIST_FILE = WorldTrotter/Info.plist;
				LD_RUNPATH_SEARCH_PATHS = (
					"$(inherited)",
					"@executable_path/Frameworks",
				);
				PRODUCT_BUNDLE_IDENTIFIER = com.eathom91.WorldTrotter;
				PRODUCT_NAME = "$(TARGET_NAME)";
				SWIFT_VERSION = 5.0;
				TARGETED_DEVICE_FAMILY = "1,2";
			};
			name = Release;
		};
		99C6B7A125EDEC270028D619 /* Debug */ = {
			isa = XCBuildConfiguration;
			buildSettings = {
				ALWAYS_EMBED_SWIFT_STANDARD_LIBRARIES = YES;
				BUNDLE_LOADER = "$(TEST_HOST)";
				CODE_SIGN_STYLE = Automatic;
				DEVELOPMENT_TEAM = 976MA5HWXW;
				INFOPLIST_FILE = WorldTrotterTests/Info.plist;
				IPHONEOS_DEPLOYMENT_TARGET = 14.4;
				LD_RUNPATH_SEARCH_PATHS = (
					"$(inherited)",
					"@executable_path/Frameworks",
					"@loader_path/Frameworks",
				);
				PRODUCT_BUNDLE_IDENTIFIER = com.eathom91.WorldTrotterTests;
				PRODUCT_NAME = "$(TARGET_NAME)";
				SWIFT_VERSION = 5.0;
				TARGETED_DEVICE_FAMILY = "1,2";
				TEST_HOST = "$(BUILT_PRODUCTS_DIR)/WorldTrotter.app/WorldTrotter";
			};
			name = Debug;
		};
		99C6B7A225EDEC270028D619 /* Release */ = {
			isa = XCBuildConfiguration;
			buildSettings = {
				ALWAYS_EMBED_SWIFT_STANDARD_LIBRARIES = YES;
				BUNDLE_LOADER = "$(TEST_HOST)";
				CODE_SIGN_STYLE = Automatic;
				DEVELOPMENT_TEAM = 976MA5HWXW;
				INFOPLIST_FILE = WorldTrotterTests/Info.plist;
				IPHONEOS_DEPLOYMENT_TARGET = 14.4;
				LD_RUNPATH_SEARCH_PATHS = (
					"$(inherited)",
					"@executable_path/Frameworks",
					"@loader_path/Frameworks",
				);
				PRODUCT_BUNDLE_IDENTIFIER = com.eathom91.WorldTrotterTests;
				PRODUCT_NAME = "$(TARGET_NAME)";
				SWIFT_VERSION = 5.0;
				TARGETED_DEVICE_FAMILY = "1,2";
				TEST_HOST = "$(BUILT_PRODUCTS_DIR)/WorldTrotter.app/WorldTrotter";
			};
			name = Release;
		};
		99C6B7A425EDEC270028D619 /* Debug */ = {
			isa = XCBuildConfiguration;
			buildSettings = {
				ALWAYS_EMBED_SWIFT_STANDARD_LIBRARIES = YES;
				CODE_SIGN_STYLE = Automatic;
				DEVELOPMENT_TEAM = 976MA5HWXW;
				INFOPLIST_FILE = WorldTrotterUITests/Info.plist;
				LD_RUNPATH_SEARCH_PATHS = (
					"$(inherited)",
					"@executable_path/Frameworks",
					"@loader_path/Frameworks",
				);
				PRODUCT_BUNDLE_IDENTIFIER = com.eathom91.WorldTrotterUITests;
				PRODUCT_NAME = "$(TARGET_NAME)";
				SWIFT_VERSION = 5.0;
				TARGETED_DEVICE_FAMILY = "1,2";
				TEST_TARGET_NAME = WorldTrotter;
			};
			name = Debug;
		};
		99C6B7A525EDEC270028D619 /* Release */ = {
			isa = XCBuildConfiguration;
			buildSettings = {
				ALWAYS_EMBED_SWIFT_STANDARD_LIBRARIES = YES;
				CODE_SIGN_STYLE = Automatic;
				DEVELOPMENT_TEAM = 976MA5HWXW;
				INFOPLIST_FILE = WorldTrotterUITests/Info.plist;
				LD_RUNPATH_SEARCH_PATHS = (
					"$(inherited)",
					"@executable_path/Frameworks",
					"@loader_path/Frameworks",
				);
				PRODUCT_BUNDLE_IDENTIFIER = com.eathom91.WorldTrotterUITests;
				PRODUCT_NAME = "$(TARGET_NAME)";
				SWIFT_VERSION = 5.0;
				TARGETED_DEVICE_FAMILY = "1,2";
				TEST_TARGET_NAME = WorldTrotter;
			};
			name = Release;
		};
/* End XCBuildConfiguration section */

/* Begin XCConfigurationList section */
		99C6B76E25EDEC260028D619 /* Build configuration list for PBXProject "WorldTrotter" */ = {
			isa = XCConfigurationList;
			buildConfigurations = (
				99C6B79B25EDEC270028D619 /* Debug */,
				99C6B79C25EDEC270028D619 /* Release */,
			);
			defaultConfigurationIsVisible = 0;
			defaultConfigurationName = Release;
		};
		99C6B79D25EDEC270028D619 /* Build configuration list for PBXNativeTarget "WorldTrotter" */ = {
			isa = XCConfigurationList;
			buildConfigurations = (
				99C6B79E25EDEC270028D619 /* Debug */,
				99C6B79F25EDEC270028D619 /* Release */,
			);
			defaultConfigurationIsVisible = 0;
			defaultConfigurationName = Release;
		};
		99C6B7A025EDEC270028D619 /* Build configuration list for PBXNativeTarget "WorldTrotterTests" */ = {
			isa = XCConfigurationList;
			buildConfigurations = (
				99C6B7A125EDEC270028D619 /* Debug */,
				99C6B7A225EDEC270028D619 /* Release */,
			);
			defaultConfigurationIsVisible = 0;
			defaultConfigurationName = Release;
		};
		99C6B7A325EDEC270028D619 /* Build configuration list for PBXNativeTarget "WorldTrotterUITests" */ = {
			isa = XCConfigurationList;
			buildConfigurations = (
				99C6B7A425EDEC270028D619 /* Debug */,
				99C6B7A525EDEC270028D619 /* Release */,
			);
			defaultConfigurationIsVisible = 0;
			defaultConfigurationName = Release;
		};
/* End XCConfigurationList section */
	};
	rootObject = 99C6B76B25EDEC260028D619 /* Project object */;
}
